// !$*UTF8*$!
{
	archiveVersion = 1;
	classes = {
	};
	objectVersion = 56;
	objects = {

/* Begin PBXBuildFile section */
		55ACC18C2BE6D5B100A34D7B /* ContactListApp.swift in Sources */ = {isa = PBXBuildFile; fileRef = 55ACC18B2BE6D5B100A34D7B /* ContactListApp.swift */; };
		55ACC18E2BE6D5B100A34D7B /* ContentView.swift in Sources */ = {isa = PBXBuildFile; fileRef = 55ACC18D2BE6D5B100A34D7B /* ContentView.swift */; };
		55ACC1902BE6D5B300A34D7B /* Assets.xcassets in Resources */ = {isa = PBXBuildFile; fileRef = 55ACC18F2BE6D5B300A34D7B /* Assets.xcassets */; };
		55ACC1932BE6D5B300A34D7B /* Preview Assets.xcassets in Resources */ = {isa = PBXBuildFile; fileRef = 55ACC1922BE6D5B300A34D7B /* Preview Assets.xcassets */; };
		55ACC19D2BE6D5B300A34D7B /* ContactListTests.swift in Sources */ = {isa = PBXBuildFile; fileRef = 55ACC19C2BE6D5B300A34D7B /* ContactListTests.swift */; };
		55ACC1A72BE6D5B300A34D7B /* ContactListUITests.swift in Sources */ = {isa = PBXBuildFile; fileRef = 55ACC1A62BE6D5B300A34D7B /* ContactListUITests.swift */; };
		55ACC1A92BE6D5B300A34D7B /* ContactListUITestsLaunchTests.swift in Sources */ = {isa = PBXBuildFile; fileRef = 55ACC1A82BE6D5B300A34D7B /* ContactListUITestsLaunchTests.swift */; };
		55ACC1B62BE6D5FF00A34D7B /* Contact.swift in Sources */ = {isa = PBXBuildFile; fileRef = 55ACC1B52BE6D5FF00A34D7B /* Contact.swift */; };
		55ACC1B82BE6ECBA00A34D7B /* AddContactView.swift in Sources */ = {isa = PBXBuildFile; fileRef = 55ACC1B72BE6ECBA00A34D7B /* AddContactView.swift */; };
/* End PBXBuildFile section */

/* Begin PBXContainerItemProxy section */
		55ACC1992BE6D5B300A34D7B /* PBXContainerItemProxy */ = {
			isa = PBXContainerItemProxy;
			containerPortal = 55ACC1802BE6D5B100A34D7B /* Project object */;
			proxyType = 1;
			remoteGlobalIDString = 55ACC1872BE6D5B100A34D7B;
			remoteInfo = ContactList;
		};
		55ACC1A32BE6D5B300A34D7B /* PBXContainerItemProxy */ = {
			isa = PBXContainerItemProxy;
			containerPortal = 55ACC1802BE6D5B100A34D7B /* Project object */;
			proxyType = 1;
			remoteGlobalIDString = 55ACC1872BE6D5B100A34D7B;
			remoteInfo = ContactList;
		};
/* End PBXContainerItemProxy section */

/* Begin PBXFileReference section */
		55ACC1882BE6D5B100A34D7B /* ContactList.app */ = {isa = PBXFileReference; explicitFileType = wrapper.application; includeInIndex = 0; path = ContactList.app; sourceTree = BUILT_PRODUCTS_DIR; };
		55ACC18B2BE6D5B100A34D7B /* ContactListApp.swift */ = {isa = PBXFileReference; lastKnownFileType = sourcecode.swift; path = ContactListApp.swift; sourceTree = "<group>"; };
		55ACC18D2BE6D5B100A34D7B /* ContentView.swift */ = {isa = PBXFileReference; lastKnownFileType = sourcecode.swift; path = ContentView.swift; sourceTree = "<group>"; };
		55ACC18F2BE6D5B300A34D7B /* Assets.xcassets */ = {isa = PBXFileReference; lastKnownFileType = folder.assetcatalog; path = Assets.xcassets; sourceTree = "<group>"; };
		55ACC1922BE6D5B300A34D7B /* Preview Assets.xcassets */ = {isa = PBXFileReference; lastKnownFileType = folder.assetcatalog; path = "Preview Assets.xcassets"; sourceTree = "<group>"; };
		55ACC1982BE6D5B300A34D7B /* ContactListTests.xctest */ = {isa = PBXFileReference; explicitFileType = wrapper.cfbundle; includeInIndex = 0; path = ContactListTests.xctest; sourceTree = BUILT_PRODUCTS_DIR; };
		55ACC19C2BE6D5B300A34D7B /* ContactListTests.swift */ = {isa = PBXFileReference; lastKnownFileType = sourcecode.swift; path = ContactListTests.swift; sourceTree = "<group>"; };
		55ACC1A22BE6D5B300A34D7B /* ContactListUITests.xctest */ = {isa = PBXFileReference; explicitFileType = wrapper.cfbundle; includeInIndex = 0; path = ContactListUITests.xctest; sourceTree = BUILT_PRODUCTS_DIR; };
		55ACC1A62BE6D5B300A34D7B /* ContactListUITests.swift */ = {isa = PBXFileReference; lastKnownFileType = sourcecode.swift; path = ContactListUITests.swift; sourceTree = "<group>"; };
		55ACC1A82BE6D5B300A34D7B /* ContactListUITestsLaunchTests.swift */ = {isa = PBXFileReference; lastKnownFileType = sourcecode.swift; path = ContactListUITestsLaunchTests.swift; sourceTree = "<group>"; };
		55ACC1B52BE6D5FF00A34D7B /* Contact.swift */ = {isa = PBXFileReference; lastKnownFileType = sourcecode.swift; path = Contact.swift; sourceTree = "<group>"; };
		55ACC1B72BE6ECBA00A34D7B /* AddContactView.swift */ = {isa = PBXFileReference; lastKnownFileType = sourcecode.swift; path = AddContactView.swift; sourceTree = "<group>"; };
/* End PBXFileReference section */

/* Begin PBXFrameworksBuildPhase section */
		55ACC1852BE6D5B100A34D7B /* Frameworks */ = {
			isa = PBXFrameworksBuildPhase;
			buildActionMask = 2147483647;
			files = (
			);
			runOnlyForDeploymentPostprocessing = 0;
		};
		55ACC1952BE6D5B300A34D7B /* Frameworks */ = {
			isa = PBXFrameworksBuildPhase;
			buildActionMask = 2147483647;
			files = (
			);
			runOnlyForDeploymentPostprocessing = 0;
		};
		55ACC19F2BE6D5B300A34D7B /* Frameworks */ = {
			isa = PBXFrameworksBuildPhase;
			buildActionMask = 2147483647;
			files = (
			);
			runOnlyForDeploymentPostprocessing = 0;
		};
/* End PBXFrameworksBuildPhase section */

/* Begin PBXGroup section */
		55ACC17F2BE6D5B100A34D7B = {
			isa = PBXGroup;
			children = (
				55ACC18A2BE6D5B100A34D7B /* ContactList */,
				55ACC19B2BE6D5B300A34D7B /* ContactListTests */,
				55ACC1A52BE6D5B300A34D7B /* ContactListUITests */,
				55ACC1892BE6D5B100A34D7B /* Products */,
			);
			sourceTree = "<group>";
		};
		55ACC1892BE6D5B100A34D7B /* Products */ = {
			isa = PBXGroup;
			children = (
				55ACC1882BE6D5B100A34D7B /* ContactList.app */,
				55ACC1982BE6D5B300A34D7B /* ContactListTests.xctest */,
				55ACC1A22BE6D5B300A34D7B /* ContactListUITests.xctest */,
			);
			name = Products;
			sourceTree = "<group>";
		};
		55ACC18A2BE6D5B100A34D7B /* ContactList */ = {
			isa = PBXGroup;
			children = (
				55ACC18B2BE6D5B100A34D7B /* ContactListApp.swift */,
				55ACC18D2BE6D5B100A34D7B /* ContentView.swift */,
				55ACC18F2BE6D5B300A34D7B /* Assets.xcassets */,
				55ACC1912BE6D5B300A34D7B /* Preview Content */,
				55ACC1B52BE6D5FF00A34D7B /* Contact.swift */,
				55ACC1B72BE6ECBA00A34D7B /* AddContactView.swift */,
			);
			path = ContactList;
			sourceTree = "<group>";
		};
		55ACC1912BE6D5B300A34D7B /* Preview Content */ = {
			isa = PBXGroup;
			children = (
				55ACC1922BE6D5B300A34D7B /* Preview Assets.xcassets */,
			);
			path = "Preview Content";
			sourceTree = "<group>";
		};
		55ACC19B2BE6D5B300A34D7B /* ContactListTests */ = {
			isa = PBXGroup;
			children = (
				55ACC19C2BE6D5B300A34D7B /* ContactListTests.swift */,
			);
			path = ContactListTests;
			sourceTree = "<group>";
		};
		55ACC1A52BE6D5B300A34D7B /* ContactListUITests */ = {
			isa = PBXGroup;
			children = (
				55ACC1A62BE6D5B300A34D7B /* ContactListUITests.swift */,
				55ACC1A82BE6D5B300A34D7B /* ContactListUITestsLaunchTests.swift */,
			);
			path = ContactListUITests;
			sourceTree = "<group>";
		};
/* End PBXGroup section */

/* Begin PBXNativeTarget section */
		55ACC1872BE6D5B100A34D7B /* ContactList */ = {
			isa = PBXNativeTarget;
			buildConfigurationList = 55ACC1AC2BE6D5B300A34D7B /* Build configuration list for PBXNativeTarget "ContactList" */;
			buildPhases = (
				55ACC1842BE6D5B100A34D7B /* Sources */,
				55ACC1852BE6D5B100A34D7B /* Frameworks */,
				55ACC1862BE6D5B100A34D7B /* Resources */,
			);
			buildRules = (
			);
			dependencies = (
			);
			name = ContactList;
			productName = ContactList;
			productReference = 55ACC1882BE6D5B100A34D7B /* ContactList.app */;
			productType = "com.apple.product-type.application";
		};
		55ACC1972BE6D5B300A34D7B /* ContactListTests */ = {
			isa = PBXNativeTarget;
			buildConfigurationList = 55ACC1AF2BE6D5B300A34D7B /* Build configuration list for PBXNativeTarget "ContactListTests" */;
			buildPhases = (
				55ACC1942BE6D5B300A34D7B /* Sources */,
				55ACC1952BE6D5B300A34D7B /* Frameworks */,
				55ACC1962BE6D5B300A34D7B /* Resources */,
			);
			buildRules = (
			);
			dependencies = (
				55ACC19A2BE6D5B300A34D7B /* PBXTargetDependency */,
			);
			name = ContactListTests;
			productName = ContactListTests;
			productReference = 55ACC1982BE6D5B300A34D7B /* ContactListTests.xctest */;
			productType = "com.apple.product-type.bundle.unit-test";
		};
		55ACC1A12BE6D5B300A34D7B /* ContactListUITests */ = {
			isa = PBXNativeTarget;
			buildConfigurationList = 55ACC1B22BE6D5B300A34D7B /* Build configuration list for PBXNativeTarget "ContactListUITests" */;
			buildPhases = (
				55ACC19E2BE6D5B300A34D7B /* Sources */,
				55ACC19F2BE6D5B300A34D7B /* Frameworks */,
				55ACC1A02BE6D5B300A34D7B /* Resources */,
			);
			buildRules = (
			);
			dependencies = (
				55ACC1A42BE6D5B300A34D7B /* PBXTargetDependency */,
			);
			name = ContactListUITests;
			productName = ContactListUITests;
			productReference = 55ACC1A22BE6D5B300A34D7B /* ContactListUITests.xctest */;
			productType = "com.apple.product-type.bundle.ui-testing";
		};
/* End PBXNativeTarget section */

/* Begin PBXProject section */
		55ACC1802BE6D5B100A34D7B /* Project object */ = {
			isa = PBXProject;
			attributes = {
				BuildIndependentTargetsInParallel = 1;
				LastSwiftUpdateCheck = 1530;
				LastUpgradeCheck = 1530;
				TargetAttributes = {
					55ACC1872BE6D5B100A34D7B = {
						CreatedOnToolsVersion = 15.3;
					};
					55ACC1972BE6D5B300A34D7B = {
						CreatedOnToolsVersion = 15.3;
						TestTargetID = 55ACC1872BE6D5B100A34D7B;
					};
					55ACC1A12BE6D5B300A34D7B = {
						CreatedOnToolsVersion = 15.3;
						TestTargetID = 55ACC1872BE6D5B100A34D7B;
					};
				};
			};
			buildConfigurationList = 55ACC1832BE6D5B100A34D7B /* Build configuration list for PBXProject "ContactList" */;
			compatibilityVersion = "Xcode 14.0";
			developmentRegion = en;
			hasScannedForEncodings = 0;
			knownRegions = (
				en,
				Base,
			);
			mainGroup = 55ACC17F2BE6D5B100A34D7B;
			productRefGroup = 55ACC1892BE6D5B100A34D7B /* Products */;
			projectDirPath = "";
			projectRoot = "";
			targets = (
				55ACC1872BE6D5B100A34D7B /* ContactList */,
				55ACC1972BE6D5B300A34D7B /* ContactListTests */,
				55ACC1A12BE6D5B300A34D7B /* ContactListUITests */,
			);
		};
/* End PBXProject section */

/* Begin PBXResourcesBuildPhase section */
		55ACC1862BE6D5B100A34D7B /* Resources */ = {
			isa = PBXResourcesBuildPhase;
			buildActionMask = 2147483647;
			files = (
				55ACC1932BE6D5B300A34D7B /* Preview Assets.xcassets in Resources */,
				55ACC1902BE6D5B300A34D7B /* Assets.xcassets in Resources */,
			);
			runOnlyForDeploymentPostprocessing = 0;
		};
		55ACC1962BE6D5B300A34D7B /* Resources */ = {
			isa = PBXResourcesBuildPhase;
			buildActionMask = 2147483647;
			files = (
			);
			runOnlyForDeploymentPostprocessing = 0;
		};
		55ACC1A02BE6D5B300A34D7B /* Resources */ = {
			isa = PBXResourcesBuildPhase;
			buildActionMask = 2147483647;
			files = (
			);
			runOnlyForDeploymentPostprocessing = 0;
		};
/* End PBXResourcesBuildPhase section */

/* Begin PBXSourcesBuildPhase section */
		55ACC1842BE6D5B100A34D7B /* Sources */ = {
			isa = PBXSourcesBuildPhase;
			buildActionMask = 2147483647;
			files = (
				55ACC1B62BE6D5FF00A34D7B /* Contact.swift in Sources */,
				55ACC18E2BE6D5B100A34D7B /* ContentView.swift in Sources */,
				55ACC18C2BE6D5B100A34D7B /* ContactListApp.swift in Sources */,
				55ACC1B82BE6ECBA00A34D7B /* AddContactView.swift in Sources */,
			);
			runOnlyForDeploymentPostprocessing = 0;
		};
		55ACC1942BE6D5B300A34D7B /* Sources */ = {
			isa = PBXSourcesBuildPhase;
			buildActionMask = 2147483647;
			files = (
				55ACC19D2BE6D5B300A34D7B /* ContactListTests.swift in Sources */,
			);
			runOnlyForDeploymentPostprocessing = 0;
		};
		55ACC19E2BE6D5B300A34D7B /* Sources */ = {
			isa = PBXSourcesBuildPhase;
			buildActionMask = 2147483647;
			files = (
				55ACC1A72BE6D5B300A34D7B /* ContactListUITests.swift in Sources */,
				55ACC1A92BE6D5B300A34D7B /* ContactListUITestsLaunchTests.swift in Sources */,
			);
			runOnlyForDeploymentPostprocessing = 0;
		};
/* End PBXSourcesBuildPhase section */

/* Begin PBXTargetDependency section */
		55ACC19A2BE6D5B300A34D7B /* PBXTargetDependency */ = {
			isa = PBXTargetDependency;
			target = 55ACC1872BE6D5B100A34D7B /* ContactList */;
			targetProxy = 55ACC1992BE6D5B300A34D7B /* PBXContainerItemProxy */;
		};
		55ACC1A42BE6D5B300A34D7B /* PBXTargetDependency */ = {
			isa = PBXTargetDependency;
			target = 55ACC1872BE6D5B100A34D7B /* ContactList */;
			targetProxy = 55ACC1A32BE6D5B300A34D7B /* PBXContainerItemProxy */;
		};
/* End PBXTargetDependency section */

/* Begin XCBuildConfiguration section */
		55ACC1AA2BE6D5B300A34D7B /* Debug */ = {
			isa = XCBuildConfiguration;
			buildSettings = {
				ALWAYS_SEARCH_USER_PATHS = NO;
				ASSETCATALOG_COMPILER_GENERATE_SWIFT_ASSET_SYMBOL_EXTENSIONS = YES;
				CLANG_ANALYZER_NONNULL = YES;
				CLANG_ANALYZER_NUMBER_OBJECT_CONVERSION = YES_AGGRESSIVE;
				CLANG_CXX_LANGUAGE_STANDARD = "gnu++20";
				CLANG_ENABLE_MODULES = YES;
				CLANG_ENABLE_OBJC_ARC = YES;
				CLANG_ENABLE_OBJC_WEAK = YES;
				CLANG_WARN_BLOCK_CAPTURE_AUTORELEASING = YES;
				CLANG_WARN_BOOL_CONVERSION = YES;
				CLANG_WARN_COMMA = YES;
				CLANG_WARN_CONSTANT_CONVERSION = YES;
				CLANG_WARN_DEPRECATED_OBJC_IMPLEMENTATIONS = YES;
				CLANG_WARN_DIRECT_OBJC_ISA_USAGE = YES_ERROR;
				CLANG_WARN_DOCUMENTATION_COMMENTS = YES;
				CLANG_WARN_EMPTY_BODY = YES;
				CLANG_WARN_ENUM_CONVERSION = YES;
				CLANG_WARN_INFINITE_RECURSION = YES;
				CLANG_WARN_INT_CONVERSION = YES;
				CLANG_WARN_NON_LITERAL_NULL_CONVERSION = YES;
				CLANG_WARN_OBJC_IMPLICIT_RETAIN_SELF = YES;
				CLANG_WARN_OBJC_LITERAL_CONVERSION = YES;
				CLANG_WARN_OBJC_ROOT_CLASS = YES_ERROR;
				CLANG_WARN_QUOTED_INCLUDE_IN_FRAMEWORK_HEADER = YES;
				CLANG_WARN_RANGE_LOOP_ANALYSIS = YES;
				CLANG_WARN_STRICT_PROTOTYPES = YES;
				CLANG_WARN_SUSPICIOUS_MOVE = YES;
				CLANG_WARN_UNGUARDED_AVAILABILITY = YES_AGGRESSIVE;
				CLANG_WARN_UNREACHABLE_CODE = YES;
				CLANG_WARN__DUPLICATE_METHOD_MATCH = YES;
				COPY_PHASE_STRIP = NO;
				DEBUG_INFORMATION_FORMAT = dwarf;
				ENABLE_STRICT_OBJC_MSGSEND = YES;
				ENABLE_TESTABILITY = YES;
				ENABLE_USER_SCRIPT_SANDBOXING = YES;
				GCC_C_LANGUAGE_STANDARD = gnu17;
				GCC_DYNAMIC_NO_PIC = NO;
				GCC_NO_COMMON_BLOCKS = YES;
				GCC_OPTIMIZATION_LEVEL = 0;
				GCC_PREPROCESSOR_DEFINITIONS = (
					"DEBUG=1",
					"$(inherited)",
				);
				GCC_WARN_64_TO_32_BIT_CONVERSION = YES;
				GCC_WARN_ABOUT_RETURN_TYPE = YES_ERROR;
				GCC_WARN_UNDECLARED_SELECTOR = YES;
				GCC_WARN_UNINITIALIZED_AUTOS = YES_AGGRESSIVE;
				GCC_WARN_UNUSED_FUNCTION = YES;
				GCC_WARN_UNUSED_VARIABLE = YES;
				IPHONEOS_DEPLOYMENT_TARGET = 17.4;
				LOCALIZATION_PREFERS_STRING_CATALOGS = YES;
				MTL_ENABLE_DEBUG_INFO = INCLUDE_SOURCE;
				MTL_FAST_MATH = YES;
				ONLY_ACTIVE_ARCH = YES;
				SDKROOT = iphoneos;
				SWIFT_ACTIVE_COMPILATION_CONDITIONS = "DEBUG $(inherited)";
				SWIFT_OPTIMIZATION_LEVEL = "-Onone";
			};
			name = Debug;
		};
		55ACC1AB2BE6D5B300A34D7B /* Release */ = {
			isa = XCBuildConfiguration;
			buildSettings = {
				ALWAYS_SEARCH_USER_PATHS = NO;
				ASSETCATALOG_COMPILER_GENERATE_SWIFT_ASSET_SYMBOL_EXTENSIONS = YES;
				CLANG_ANALYZER_NONNULL = YES;
				CLANG_ANALYZER_NUMBER_OBJECT_CONVERSION = YES_AGGRESSIVE;
				CLANG_CXX_LANGUAGE_STANDARD = "gnu++20";
				CLANG_ENABLE_MODULES = YES;
				CLANG_ENABLE_OBJC_ARC = YES;
				CLANG_ENABLE_OBJC_WEAK = YES;
				CLANG_WARN_BLOCK_CAPTURE_AUTORELEASING = YES;
				CLANG_WARN_BOOL_CONVERSION = YES;
				CLANG_WARN_COMMA = YES;
				CLANG_WARN_CONSTANT_CONVERSION = YES;
				CLANG_WARN_DEPRECATED_OBJC_IMPLEMENTATIONS = YES;
				CLANG_WARN_DIRECT_OBJC_ISA_USAGE = YES_ERROR;
				CLANG_WARN_DOCUMENTATION_COMMENTS = YES;
				CLANG_WARN_EMPTY_BODY = YES;
				CLANG_WARN_ENUM_CONVERSION = YES;
				CLANG_WARN_INFINITE_RECURSION = YES;
				CLANG_WARN_INT_CONVERSION = YES;
				CLANG_WARN_NON_LITERAL_NULL_CONVERSION = YES;
				CLANG_WARN_OBJC_IMPLICIT_RETAIN_SELF = YES;
				CLANG_WARN_OBJC_LITERAL_CONVERSION = YES;
				CLANG_WARN_OBJC_ROOT_CLASS = YES_ERROR;
				CLANG_WARN_QUOTED_INCLUDE_IN_FRAMEWORK_HEADER = YES;
				CLANG_WARN_RANGE_LOOP_ANALYSIS = YES;
				CLANG_WARN_STRICT_PROTOTYPES = YES;
				CLANG_WARN_SUSPICIOUS_MOVE = YES;
				CLANG_WARN_UNGUARDED_AVAILABILITY = YES_AGGRESSIVE;
				CLANG_WARN_UNREACHABLE_CODE = YES;
				CLANG_WARN__DUPLICATE_METHOD_MATCH = YES;
				COPY_PHASE_STRIP = NO;
				DEBUG_INFORMATION_FORMAT = "dwarf-with-dsym";
				ENABLE_NS_ASSERTIONS = NO;
				ENABLE_STRICT_OBJC_MSGSEND = YES;
				ENABLE_USER_SCRIPT_SANDBOXING = YES;
				GCC_C_LANGUAGE_STANDARD = gnu17;
				GCC_NO_COMMON_BLOCKS = YES;
				GCC_WARN_64_TO_32_BIT_CONVERSION = YES;
				GCC_WARN_ABOUT_RETURN_TYPE = YES_ERROR;
				GCC_WARN_UNDECLARED_SELECTOR = YES;
				GCC_WARN_UNINITIALIZED_AUTOS = YES_AGGRESSIVE;
				GCC_WARN_UNUSED_FUNCTION = YES;
				GCC_WARN_UNUSED_VARIABLE = YES;
				IPHONEOS_DEPLOYMENT_TARGET = 17.4;
				LOCALIZATION_PREFERS_STRING_CATALOGS = YES;
				MTL_ENABLE_DEBUG_INFO = NO;
				MTL_FAST_MATH = YES;
				SDKROOT = iphoneos;
				SWIFT_COMPILATION_MODE = wholemodule;
				VALIDATE_PRODUCT = YES;
			};
			name = Release;
		};
		55ACC1AD2BE6D5B300A34D7B /* Debug */ = {
			isa = XCBuildConfiguration;
			buildSettings = {
				ASSETCATALOG_COMPILER_APPICON_NAME = AppIcon;
				ASSETCATALOG_COMPILER_GLOBAL_ACCENT_COLOR_NAME = AccentColor;
				CODE_SIGN_STYLE = Automatic;
				CURRENT_PROJECT_VERSION = 1;
				DEVELOPMENT_ASSET_PATHS = "\"ContactList/Preview Content\"";
				DEVELOPMENT_TEAM = P7FYQ2HW53;
				ENABLE_PREVIEWS = YES;
				GENERATE_INFOPLIST_FILE = YES;
				INFOPLIST_KEY_UIApplicationSceneManifest_Generation = YES;
				INFOPLIST_KEY_UIApplicationSupportsIndirectInputEvents = YES;
				INFOPLIST_KEY_UILaunchScreen_Generation = YES;
				INFOPLIST_KEY_UISupportedInterfaceOrientations_iPad = "UIInterfaceOrientationPortrait UIInterfaceOrientationPortraitUpsideDown UIInterfaceOrientationLandscapeLeft UIInterfaceOrientationLandscapeRight";
				INFOPLIST_KEY_UISupportedInterfaceOrientations_iPhone = "UIInterfaceOrientationPortrait UIInterfaceOrientationLandscapeLeft UIInterfaceOrientationLandscapeRight";
				LD_RUNPATH_SEARCH_PATHS = (
					"$(inherited)",
					"@executable_path/Frameworks",
				);
				MARKETING_VERSION = 1.0;
				PRODUCT_BUNDLE_IDENTIFIER = com.Richard.ContactList;
				PRODUCT_NAME = "$(TARGET_NAME)";
				SWIFT_EMIT_LOC_STRINGS = YES;
				SWIFT_VERSION = 5.0;
				TARGETED_DEVICE_FAMILY = "1,2";
			};
			name = Debug;
		};
		55ACC1AE2BE6D5B300A34D7B /* Release */ = {
			isa = XCBuildConfiguration;
			buildSettings = {
				ASSETCATALOG_COMPILER_APPICON_NAME = AppIcon;
				ASSETCATALOG_COMPILER_GLOBAL_ACCENT_COLOR_NAME = AccentColor;
				CODE_SIGN_STYLE = Automatic;
				CURRENT_PROJECT_VERSION = 1;
				DEVELOPMENT_ASSET_PATHS = "\"ContactList/Preview Content\"";
				DEVELOPMENT_TEAM = P7FYQ2HW53;
				ENABLE_PREVIEWS = YES;
				GENERATE_INFOPLIST_FILE = YES;
				INFOPLIST_KEY_UIApplicationSceneManifest_Generation = YES;
				INFOPLIST_KEY_UIApplicationSupportsIndirectInputEvents = YES;
				INFOPLIST_KEY_UILaunchScreen_Generation = YES;
				INFOPLIST_KEY_UISupportedInterfaceOrientations_iPad = "UIInterfaceOrientationPortrait UIInterfaceOrientationPortraitUpsideDown UIInterfaceOrientationLandscapeLeft UIInterfaceOrientationLandscapeRight";
				INFOPLIST_KEY_UISupportedInterfaceOrientations_iPhone = "UIInterfaceOrientationPortrait UIInterfaceOrientationLandscapeLeft UIInterfaceOrientationLandscapeRight";
				LD_RUNPATH_SEARCH_PATHS = (
					"$(inherited)",
					"@executable_path/Frameworks",
				);
				MARKETING_VERSION = 1.0;
				PRODUCT_BUNDLE_IDENTIFIER = com.Richard.ContactList;
				PRODUCT_NAME = "$(TARGET_NAME)";
				SWIFT_EMIT_LOC_STRINGS = YES;
				SWIFT_VERSION = 5.0;
				TARGETED_DEVICE_FAMILY = "1,2";
			};
			name = Release;
		};
		55ACC1B02BE6D5B300A34D7B /* Debug */ = {
			isa = XCBuildConfiguration;
			buildSettings = {
				ALWAYS_EMBED_SWIFT_STANDARD_LIBRARIES = YES;
				BUNDLE_LOADER = "$(TEST_HOST)";
				CODE_SIGN_STYLE = Automatic;
				CURRENT_PROJECT_VERSION = 1;
				DEVELOPMENT_TEAM = P7FYQ2HW53;
				GENERATE_INFOPLIST_FILE = YES;
				IPHONEOS_DEPLOYMENT_TARGET = 17.4;
				MARKETING_VERSION = 1.0;
				PRODUCT_BUNDLE_IDENTIFIER = com.Richard.ContactListTests;
				PRODUCT_NAME = "$(TARGET_NAME)";
				SWIFT_EMIT_LOC_STRINGS = NO;
				SWIFT_VERSION = 5.0;
				TARGETED_DEVICE_FAMILY = "1,2";
				TEST_HOST = "$(BUILT_PRODUCTS_DIR)/ContactList.app/$(BUNDLE_EXECUTABLE_FOLDER_PATH)/ContactList";
			};
			name = Debug;
		};
		55ACC1B12BE6D5B300A34D7B /* Release */ = {
			isa = XCBuildConfiguration;
			buildSettings = {
				ALWAYS_EMBED_SWIFT_STANDARD_LIBRARIES = YES;
				BUNDLE_LOADER = "$(TEST_HOST)";
				CODE_SIGN_STYLE = Automatic;
				CURRENT_PROJECT_VERSION = 1;
				DEVELOPMENT_TEAM = P7FYQ2HW53;
				GENERATE_INFOPLIST_FILE = YES;
				IPHONEOS_DEPLOYMENT_TARGET = 17.4;
				MARKETING_VERSION = 1.0;
				PRODUCT_BUNDLE_IDENTIFIER = com.Richard.ContactListTests;
				PRODUCT_NAME = "$(TARGET_NAME)";
				SWIFT_EMIT_LOC_STRINGS = NO;
				SWIFT_VERSION = 5.0;
				TARGETED_DEVICE_FAMILY = "1,2";
				TEST_HOST = "$(BUILT_PRODUCTS_DIR)/ContactList.app/$(BUNDLE_EXECUTABLE_FOLDER_PATH)/ContactList";
			};
			name = Release;
		};
		55ACC1B32BE6D5B300A34D7B /* Debug */ = {
			isa = XCBuildConfiguration;
			buildSettings = {
				ALWAYS_EMBED_SWIFT_STANDARD_LIBRARIES = YES;
				CODE_SIGN_STYLE = Automatic;
				CURRENT_PROJECT_VERSION = 1;
				DEVELOPMENT_TEAM = P7FYQ2HW53;
				GENERATE_INFOPLIST_FILE = YES;
				MARKETING_VERSION = 1.0;
				PRODUCT_BUNDLE_IDENTIFIER = com.Richard.ContactListUITests;
				PRODUCT_NAME = "$(TARGET_NAME)";
				SWIFT_EMIT_LOC_STRINGS = NO;
				SWIFT_VERSION = 5.0;
				TARGETED_DEVICE_FAMILY = "1,2";
				TEST_TARGET_NAME = ContactList;
			};
			name = Debug;
		};
		55ACC1B42BE6D5B300A34D7B /* Release */ = {
			isa = XCBuildConfiguration;
			buildSettings = {
				ALWAYS_EMBED_SWIFT_STANDARD_LIBRARIES = YES;
				CODE_SIGN_STYLE = Automatic;
				CURRENT_PROJECT_VERSION = 1;
				DEVELOPMENT_TEAM = P7FYQ2HW53;
				GENERATE_INFOPLIST_FILE = YES;
				MARKETING_VERSION = 1.0;
				PRODUCT_BUNDLE_IDENTIFIER = com.Richard.ContactListUITests;
				PRODUCT_NAME = "$(TARGET_NAME)";
				SWIFT_EMIT_LOC_STRINGS = NO;
				SWIFT_VERSION = 5.0;
				TARGETED_DEVICE_FAMILY = "1,2";
				TEST_TARGET_NAME = ContactList;
			};
			name = Release;
		};
/* End XCBuildConfiguration section */

/* Begin XCConfigurationList section */
		55ACC1832BE6D5B100A34D7B /* Build configuration list for PBXProject "ContactList" */ = {
			isa = XCConfigurationList;
			buildConfigurations = (
				55ACC1AA2BE6D5B300A34D7B /* Debug */,
				55ACC1AB2BE6D5B300A34D7B /* Release */,
			);
			defaultConfigurationIsVisible = 0;
			defaultConfigurationName = Release;
		};
		55ACC1AC2BE6D5B300A34D7B /* Build configuration list for PBXNativeTarget "ContactList" */ = {
			isa = XCConfigurationList;
			buildConfigurations = (
				55ACC1AD2BE6D5B300A34D7B /* Debug */,
				55ACC1AE2BE6D5B300A34D7B /* Release */,
			);
			defaultConfigurationIsVisible = 0;
			defaultConfigurationName = Release;
		};
		55ACC1AF2BE6D5B300A34D7B /* Build configuration list for PBXNativeTarget "ContactListTests" */ = {
			isa = XCConfigurationList;
			buildConfigurations = (
				55ACC1B02BE6D5B300A34D7B /* Debug */,
				55ACC1B12BE6D5B300A34D7B /* Release */,
			);
			defaultConfigurationIsVisible = 0;
			defaultConfigurationName = Release;
		};
		55ACC1B22BE6D5B300A34D7B /* Build configuration list for PBXNativeTarget "ContactListUITests" */ = {
			isa = XCConfigurationList;
			buildConfigurations = (
				55ACC1B32BE6D5B300A34D7B /* Debug */,
				55ACC1B42BE6D5B300A34D7B /* Release */,
			);
			defaultConfigurationIsVisible = 0;
			defaultConfigurationName = Release;
		};
/* End XCConfigurationList section */
	};
	rootObject = 55ACC1802BE6D5B100A34D7B /* Project object */;
}
